<Solution>
  <Project Path="WinAgent.CLI/WinAgent.CLI.csproj" />
  <Project Path="WinAgent.Common/WinAgent.Common.csproj" />
  <Project Path="WinAgent.Service/WinAgent.Service.csproj" />
  <Project Path="WinAgent.Tray/WinAgent.Tray.csproj" />
  <Project Path="WinAgent.Installer/WinAgent.Installer.wixproj" />
</Solution>
